
Microsoft Visual Studio Solution File, Format Version 12.00
# Visual Studio Version 17
VisualStudioVersion = 17.7.34202.233
MinimumVisualStudioVersion = 10.0.40219.1
Project("{9A19103F-16F7-4668-BE54-9A1E7A4F7556}") = "source", "source\source.csproj", "{0C7C6B02-14EC-4B13-B3FD-F55FA61255DE}"
EndProject
Project("{9A19103F-16F7-4668-BE54-9A1E7A4F7556}") = "runner", "runner\runner.csproj", "{A1E01852-B884-4220-84B6-1B1AEF08A440}"
EndProject
Project("{9A19103F-16F7-4668-BE54-9A1E7A4F7556}") = "optimizerSimplex", "optimizer\optimizerSimplex.csproj", "{4125ED93-D518-4AFB-8A35-FAC16EDD1558}"
EndProject
Global
	GlobalSection(SolutionConfigurationPlatforms) = preSolution
		Debug|Any CPU = Debug|Any CPU
		Release|Any CPU = Release|Any CPU
	EndGlobalSection
	GlobalSection(ProjectConfigurationPlatforms) = postSolution
		{0C7C6B02-14EC-4B13-B3FD-F55FA61255DE}.Debug|Any CPU.ActiveCfg = Debug|Any CPU
		{0C7C6B02-14EC-4B13-B3FD-F55FA61255DE}.Debug|Any CPU.Build.0 = Debug|Any CPU
		{0C7C6B02-14EC-4B13-B3FD-F55FA61255DE}.Release|Any CPU.ActiveCfg = Release|Any CPU
		{0C7C6B02-14EC-4B13-B3FD-F55FA61255DE}.Release|Any CPU.Build.0 = Release|Any CPU
		{A1E01852-B884-4220-84B6-1B1AEF08A440}.Debug|Any CPU.ActiveCfg = Debug|Any CPU
		{A1E01852-B884-4220-84B6-1B1AEF08A440}.Debug|Any CPU.Build.0 = Debug|Any CPU
		{A1E01852-B884-4220-84B6-1B1AEF08A440}.Release|Any CPU.ActiveCfg = Release|Any CPU
		{A1E01852-B884-4220-84B6-1B1AEF08A440}.Release|Any CPU.Build.0 = Release|Any CPU
		{4125ED93-D518-4AFB-8A35-FAC16EDD1558}.Debug|Any CPU.ActiveCfg = Debug|Any CPU
		{4125ED93-D518-4AFB-8A35-FAC16EDD1558}.Debug|Any CPU.Build.0 = Debug|Any CPU
		{4125ED93-D518-4AFB-8A35-FAC16EDD1558}.Release|Any CPU.ActiveCfg = Release|Any CPU
		{4125ED93-D518-4AFB-8A35-FAC16EDD1558}.Release|Any CPU.Build.0 = Release|Any CPU
	EndGlobalSection
	GlobalSection(SolutionProperties) = preSolution
		HideSolutionNode = FALSE
	EndGlobalSection
	GlobalSection(ExtensibilityGlobals) = postSolution
		SolutionGuid = {741C2811-20E1-4BD7-B3C9-80512C175881}
	EndGlobalSection
EndGlobal
